
Microsoft Visual Studio Solution File, Format Version 12.00
# Visual Studio Version 17
VisualStudioVersion = 17.2.32630.192
MinimumVisualStudioVersion = 10.0.40219.1
Project("{FAE04EC0-301F-11D3-BF4B-00C04F79EFBC}") = "login", "login\login.csproj", "{A71A44AB-0051-49B5-86F1-A26CDC91E9CE}"
EndProject
Global
	GlobalSection(SolutionConfigurationPlatforms) = preSolution
		Debug|Any CPU = Debug|Any CPU
		Release|Any CPU = Release|Any CPU
	EndGlobalSection
	GlobalSection(ProjectConfigurationPlatforms) = postSolution
		{A71A44AB-0051-49B5-86F1-A26CDC91E9CE}.Debug|Any CPU.ActiveCfg = Debug|Any CPU
		{A71A44AB-0051-49B5-86F1-A26CDC91E9CE}.Debug|Any CPU.Build.0 = Debug|Any CPU
		{A71A44AB-0051-49B5-86F1-A26CDC91E9CE}.Release|Any CPU.ActiveCfg = Release|Any CPU
		{A71A44AB-0051-49B5-86F1-A26CDC91E9CE}.Release|Any CPU.Build.0 = Release|Any CPU
	EndGlobalSection
	GlobalSection(SolutionProperties) = preSolution
		HideSolutionNode = FALSE
	EndGlobalSection
	GlobalSection(ExtensibilityGlobals) = postSolution
		SolutionGuid = {659D28B6-440F-4924-9255-4A36EC4C4264}
	EndGlobalSection
EndGlobal
